
Microsoft Visual Studio Solution File, Format Version 12.00
# Visual Studio 2012
Project("{FAE04EC0-301F-11D3-BF4B-00C04F79EFBC}") = "WCFImpersonated", "WCFImpersonated\WCFImpersonated.csproj", "{8C0D8465-A548-475D-9818-CEFB6A9C78FA}"
EndProject
Project("{2150E333-8FDC-42A3-9474-1A3956D46DE8}") = "2-Impersonation", "2-Impersonation", "{4A4A8DED-A153-47C1-89AA-E34963B3196F}"
EndProject
Project("{FAE04EC0-301F-11D3-BF4B-00C04F79EFBC}") = "ImpersonationWebClient", "ImpersonationWebClient\ImpersonationWebClient.csproj", "{12E110AE-5596-4DE1-BD34-32B1C0738E69}"
EndProject
Project("{FAE04EC0-301F-11D3-BF4B-00C04F79EFBC}") = "ImpersonationConsoleClient", "ImpersonationConsoleClient\ImpersonationConsoleClient.csproj", "{F2EB1D97-9BD0-4863-8D7B-940BA77A25A9}"
EndProject
Project("{2150E333-8FDC-42A3-9474-1A3956D46DE8}") = "3-MultipleEndpoints", "3-MultipleEndpoints", "{C8B505C6-DDBC-4B92-BA15-3EAC1F001A7F}"
EndProject
Project("{FAE04EC0-301F-11D3-BF4B-00C04F79EFBC}") = "WCFMultipleEndpoints", "WCFMultipleEndpoints\WCFMultipleEndpoints.csproj", "{2529A939-F20D-4614-A795-35F2CA232DD4}"
EndProject
Project("{FAE04EC0-301F-11D3-BF4B-00C04F79EFBC}") = "MultipleEndpointsWebClient", "MultipleEndpointsWebClient\MultipleEndpointsWebClient.csproj", "{7FAD4715-7AE5-4F59-96C7-ECB9DFA104F3}"
EndProject
Project("{2150E333-8FDC-42A3-9474-1A3956D46DE8}") = "1-Authentication", "1-Authentication", "{4900AEA4-BAB7-4DD0-A489-289244175F30}"
EndProject
Project("{FAE04EC0-301F-11D3-BF4B-00C04F79EFBC}") = "WCFAuthentication", "WCFAuthentication\WCFAuthentication.csproj", "{476CF444-53C8-4E60-BBCC-34AB2F22F016}"
EndProject
Project("{FAE04EC0-301F-11D3-BF4B-00C04F79EFBC}") = "AuthenticationConsoleClient", "AuthenticationConsoleClient\AuthenticationConsoleClient.csproj", "{280AB404-112E-4D62-A817-A494A98F0BEF}"
EndProject
Project("{FAE04EC0-301F-11D3-BF4B-00C04F79EFBC}") = "MultipleEndpointsConsoleClient", "MultipleEndpointsConsoleClient\MultipleEndpointsConsoleClient.csproj", "{77D0A418-8141-4C31-88C8-86C8AC0766D7}"
EndProject
Project("{2150E333-8FDC-42A3-9474-1A3956D46DE8}") = "4-ExposeSeveralContracts", "4-ExposeSeveralContracts", "{8BAF0A88-F5DD-49EB-9E64-D9ABFE6F9CAA}"
EndProject
Global
	GlobalSection(SolutionConfigurationPlatforms) = preSolution
		Debug|Any CPU = Debug|Any CPU
		Release|Any CPU = Release|Any CPU
	EndGlobalSection
	GlobalSection(ProjectConfigurationPlatforms) = postSolution
		{8C0D8465-A548-475D-9818-CEFB6A9C78FA}.Debug|Any CPU.ActiveCfg = Debug|Any CPU
		{8C0D8465-A548-475D-9818-CEFB6A9C78FA}.Debug|Any CPU.Build.0 = Debug|Any CPU
		{8C0D8465-A548-475D-9818-CEFB6A9C78FA}.Release|Any CPU.ActiveCfg = Release|Any CPU
		{8C0D8465-A548-475D-9818-CEFB6A9C78FA}.Release|Any CPU.Build.0 = Release|Any CPU
		{12E110AE-5596-4DE1-BD34-32B1C0738E69}.Debug|Any CPU.ActiveCfg = Debug|Any CPU
		{12E110AE-5596-4DE1-BD34-32B1C0738E69}.Debug|Any CPU.Build.0 = Debug|Any CPU
		{12E110AE-5596-4DE1-BD34-32B1C0738E69}.Release|Any CPU.ActiveCfg = Release|Any CPU
		{12E110AE-5596-4DE1-BD34-32B1C0738E69}.Release|Any CPU.Build.0 = Release|Any CPU
		{F2EB1D97-9BD0-4863-8D7B-940BA77A25A9}.Debug|Any CPU.ActiveCfg = Debug|Any CPU
		{F2EB1D97-9BD0-4863-8D7B-940BA77A25A9}.Debug|Any CPU.Build.0 = Debug|Any CPU
		{F2EB1D97-9BD0-4863-8D7B-940BA77A25A9}.Release|Any CPU.ActiveCfg = Release|Any CPU
		{F2EB1D97-9BD0-4863-8D7B-940BA77A25A9}.Release|Any CPU.Build.0 = Release|Any CPU
		{2529A939-F20D-4614-A795-35F2CA232DD4}.Debug|Any CPU.ActiveCfg = Debug|Any CPU
		{2529A939-F20D-4614-A795-35F2CA232DD4}.Debug|Any CPU.Build.0 = Debug|Any CPU
		{2529A939-F20D-4614-A795-35F2CA232DD4}.Release|Any CPU.ActiveCfg = Release|Any CPU
		{2529A939-F20D-4614-A795-35F2CA232DD4}.Release|Any CPU.Build.0 = Release|Any CPU
		{7FAD4715-7AE5-4F59-96C7-ECB9DFA104F3}.Debug|Any CPU.ActiveCfg = Debug|Any CPU
		{7FAD4715-7AE5-4F59-96C7-ECB9DFA104F3}.Debug|Any CPU.Build.0 = Debug|Any CPU
		{7FAD4715-7AE5-4F59-96C7-ECB9DFA104F3}.Release|Any CPU.ActiveCfg = Release|Any CPU
		{7FAD4715-7AE5-4F59-96C7-ECB9DFA104F3}.Release|Any CPU.Build.0 = Release|Any CPU
		{476CF444-53C8-4E60-BBCC-34AB2F22F016}.Debug|Any CPU.ActiveCfg = Debug|Any CPU
		{476CF444-53C8-4E60-BBCC-34AB2F22F016}.Debug|Any CPU.Build.0 = Debug|Any CPU
		{476CF444-53C8-4E60-BBCC-34AB2F22F016}.Release|Any CPU.ActiveCfg = Release|Any CPU
		{476CF444-53C8-4E60-BBCC-34AB2F22F016}.Release|Any CPU.Build.0 = Release|Any CPU
		{280AB404-112E-4D62-A817-A494A98F0BEF}.Debug|Any CPU.ActiveCfg = Debug|Any CPU
		{280AB404-112E-4D62-A817-A494A98F0BEF}.Debug|Any CPU.Build.0 = Debug|Any CPU
		{280AB404-112E-4D62-A817-A494A98F0BEF}.Release|Any CPU.ActiveCfg = Release|Any CPU
		{280AB404-112E-4D62-A817-A494A98F0BEF}.Release|Any CPU.Build.0 = Release|Any CPU
		{77D0A418-8141-4C31-88C8-86C8AC0766D7}.Debug|Any CPU.ActiveCfg = Debug|Any CPU
		{77D0A418-8141-4C31-88C8-86C8AC0766D7}.Debug|Any CPU.Build.0 = Debug|Any CPU
		{77D0A418-8141-4C31-88C8-86C8AC0766D7}.Release|Any CPU.ActiveCfg = Release|Any CPU
		{77D0A418-8141-4C31-88C8-86C8AC0766D7}.Release|Any CPU.Build.0 = Release|Any CPU
	EndGlobalSection
	GlobalSection(SolutionProperties) = preSolution
		HideSolutionNode = FALSE
	EndGlobalSection
	GlobalSection(NestedProjects) = preSolution
		{8C0D8465-A548-475D-9818-CEFB6A9C78FA} = {4A4A8DED-A153-47C1-89AA-E34963B3196F}
		{12E110AE-5596-4DE1-BD34-32B1C0738E69} = {4A4A8DED-A153-47C1-89AA-E34963B3196F}
		{F2EB1D97-9BD0-4863-8D7B-940BA77A25A9} = {4A4A8DED-A153-47C1-89AA-E34963B3196F}
		{2529A939-F20D-4614-A795-35F2CA232DD4} = {C8B505C6-DDBC-4B92-BA15-3EAC1F001A7F}
		{7FAD4715-7AE5-4F59-96C7-ECB9DFA104F3} = {C8B505C6-DDBC-4B92-BA15-3EAC1F001A7F}
		{77D0A418-8141-4C31-88C8-86C8AC0766D7} = {C8B505C6-DDBC-4B92-BA15-3EAC1F001A7F}
		{476CF444-53C8-4E60-BBCC-34AB2F22F016} = {4900AEA4-BAB7-4DD0-A489-289244175F30}
		{280AB404-112E-4D62-A817-A494A98F0BEF} = {4900AEA4-BAB7-4DD0-A489-289244175F30}
	EndGlobalSection
EndGlobal
